// !$*UTF8*$!
{
	archiveVersion = 1;
	classes = {
	};
	objectVersion = 46;
	objects = {

/* Begin PBXBuildFile section */
		6CB856AA1C4D97CD005511E3 /* AppDelegate.swift in Sources */ = {isa = PBXBuildFile; fileRef = 6CB856A91C4D97CD005511E3 /* AppDelegate.swift */; };
		6CB856AC1C4D97CD005511E3 /* ViewController.swift in Sources */ = {isa = PBXBuildFile; fileRef = 6CB856AB1C4D97CD005511E3 /* ViewController.swift */; };
		6CB856AF1C4D97CD005511E3 /* Main.storyboard in Resources */ = {isa = PBXBuildFile; fileRef = 6CB856AD1C4D97CD005511E3 /* Main.storyboard */; };
		6CB856B11C4D97CD005511E3 /* Assets.xcassets in Resources */ = {isa = PBXBuildFile; fileRef = 6CB856B01C4D97CD005511E3 /* Assets.xcassets */; };
		6CB856B41C4D97CD005511E3 /* LaunchScreen.storyboard in Resources */ = {isa = PBXBuildFile; fileRef = 6CB856B21C4D97CD005511E3 /* LaunchScreen.storyboard */; };
		6CB856BF1C4D97CE005511E3 /* ImageDisplayerTests.swift in Sources */ = {isa = PBXBuildFile; fileRef = 6CB856BE1C4D97CE005511E3 /* ImageDisplayerTests.swift */; };
		6CB856CA1C4D97CE005511E3 /* ImageDisplayerUITests.swift in Sources */ = {isa = PBXBuildFile; fileRef = 6CB856C91C4D97CE005511E3 /* ImageDisplayerUITests.swift */; };
/* End PBXBuildFile section */

/* Begin PBXContainerItemProxy section */
		6CB856BB1C4D97CE005511E3 /* PBXContainerItemProxy */ = {
			isa = PBXContainerItemProxy;
			containerPortal = 6CB8569E1C4D97CD005511E3 /* Project object */;
			proxyType = 1;
			remoteGlobalIDString = 6CB856A51C4D97CD005511E3;
			remoteInfo = ImageDisplayer;
		};
		6CB856C61C4D97CE005511E3 /* PBXContainerItemProxy */ = {
			isa = PBXContainerItemProxy;
			containerPortal = 6CB8569E1C4D97CD005511E3 /* Project object */;
			proxyType = 1;
			remoteGlobalIDString = 6CB856A51C4D97CD005511E3;
			remoteInfo = ImageDisplayer;
		};
/* End PBXContainerItemProxy section */

/* Begin PBXFileReference section */
		6CB856A61C4D97CD005511E3 /* ImageDisplayer.app */ = {isa = PBXFileReference; explicitFileType = wrapper.application; includeInIndex = 0; path = ImageDisplayer.app; sourceTree = BUILT_PRODUCTS_DIR; };
		6CB856A91C4D97CD005511E3 /* AppDelegate.swift */ = {isa = PBXFileReference; lastKnownFileType = sourcecode.swift; path = AppDelegate.swift; sourceTree = "<group>"; };
		6CB856AB1C4D97CD005511E3 /* ViewController.swift */ = {isa = PBXFileReference; lastKnownFileType = sourcecode.swift; path = ViewController.swift; sourceTree = "<group>"; };
		6CB856AE1C4D97CD005511E3 /* Base */ = {isa = PBXFileReference; lastKnownFileType = file.storyboard; name = Base; path = Base.lproj/Main.storyboard; sourceTree = "<group>"; };
		6CB856B01C4D97CD005511E3 /* Assets.xcassets */ = {isa = PBXFileReference; lastKnownFileType = folder.assetcatalog; path = Assets.xcassets; sourceTree = "<group>"; };
		6CB856B31C4D97CD005511E3 /* Base */ = {isa = PBXFileReference; lastKnownFileType = file.storyboard; name = Base; path = Base.lproj/LaunchScreen.storyboard; sourceTree = "<group>"; };
		6CB856B51C4D97CD005511E3 /* Info.plist */ = {isa = PBXFileReference; lastKnownFileType = text.plist.xml; path = Info.plist; sourceTree = "<group>"; };
		6CB856BA1C4D97CE005511E3 /* ImageDisplayerTests.xctest */ = {isa = PBXFileReference; explicitFileType = wrapper.cfbundle; includeInIndex = 0; path = ImageDisplayerTests.xctest; sourceTree = BUILT_PRODUCTS_DIR; };
		6CB856BE1C4D97CE005511E3 /* ImageDisplayerTests.swift */ = {isa = PBXFileReference; lastKnownFileType = sourcecode.swift; path = ImageDisplayerTests.swift; sourceTree = "<group>"; };
		6CB856C01C4D97CE005511E3 /* Info.plist */ = {isa = PBXFileReference; lastKnownFileType = text.plist.xml; path = Info.plist; sourceTree = "<group>"; };
		6CB856C51C4D97CE005511E3 /* ImageDisplayerUITests.xctest */ = {isa = PBXFileReference; explicitFileType = wrapper.cfbundle; includeInIndex = 0; path = ImageDisplayerUITests.xctest; sourceTree = BUILT_PRODUCTS_DIR; };
		6CB856C91C4D97CE005511E3 /* ImageDisplayerUITests.swift */ = {isa = PBXFileReference; lastKnownFileType = sourcecode.swift; path = ImageDisplayerUITests.swift; sourceTree = "<group>"; };
		6CB856CB1C4D97CE005511E3 /* Info.plist */ = {isa = PBXFileReference; lastKnownFileType = text.plist.xml; path = Info.plist; sourceTree = "<group>"; };
/* End PBXFileReference section */

/* Begin PBXFrameworksBuildPhase section */
		6CB856A31C4D97CD005511E3 /* Frameworks */ = {
			isa = PBXFrameworksBuildPhase;
			buildActionMask = 2147483647;
			files = (
			);
			runOnlyForDeploymentPostprocessing = 0;
		};
		6CB856B71C4D97CE005511E3 /* Frameworks */ = {
			isa = PBXFrameworksBuildPhase;
			buildActionMask = 2147483647;
			files = (
			);
			runOnlyForDeploymentPostprocessing = 0;
		};
		6CB856C21C4D97CE005511E3 /* Frameworks */ = {
			isa = PBXFrameworksBuildPhase;
			buildActionMask = 2147483647;
			files = (
			);
			runOnlyForDeploymentPostprocessing = 0;
		};
/* End PBXFrameworksBuildPhase section */

/* Begin PBXGroup section */
		6CB8569D1C4D97CD005511E3 = {
			isa = PBXGroup;
			children = (
				6CB856A81C4D97CD005511E3 /* ImageDisplayer */,
				6CB856BD1C4D97CE005511E3 /* ImageDisplayerTests */,
				6CB856C81C4D97CE005511E3 /* ImageDisplayerUITests */,
				6CB856A71C4D97CD005511E3 /* Products */,
			);
			sourceTree = "<group>";
		};
		6CB856A71C4D97CD005511E3 /* Products */ = {
			isa = PBXGroup;
			children = (
				6CB856A61C4D97CD005511E3 /* ImageDisplayer.app */,
				6CB856BA1C4D97CE005511E3 /* ImageDisplayerTests.xctest */,
				6CB856C51C4D97CE005511E3 /* ImageDisplayerUITests.xctest */,
			);
			name = Products;
			sourceTree = "<group>";
		};
		6CB856A81C4D97CD005511E3 /* ImageDisplayer */ = {
			isa = PBXGroup;
			children = (
				6CB856A91C4D97CD005511E3 /* AppDelegate.swift */,
				6CB856AB1C4D97CD005511E3 /* ViewController.swift */,
				6CB856AD1C4D97CD005511E3 /* Main.storyboard */,
				6CB856B01C4D97CD005511E3 /* Assets.xcassets */,
				6CB856B21C4D97CD005511E3 /* LaunchScreen.storyboard */,
				6CB856B51C4D97CD005511E3 /* Info.plist */,
			);
			path = ImageDisplayer;
			sourceTree = "<group>";
		};
		6CB856BD1C4D97CE005511E3 /* ImageDisplayerTests */ = {
			isa = PBXGroup;
			children = (
				6CB856BE1C4D97CE005511E3 /* ImageDisplayerTests.swift */,
				6CB856C01C4D97CE005511E3 /* Info.plist */,
			);
			path = ImageDisplayerTests;
			sourceTree = "<group>";
		};
		6CB856C81C4D97CE005511E3 /* ImageDisplayerUITests */ = {
			isa = PBXGroup;
			children = (
				6CB856C91C4D97CE005511E3 /* ImageDisplayerUITests.swift */,
				6CB856CB1C4D97CE005511E3 /* Info.plist */,
			);
			path = ImageDisplayerUITests;
			sourceTree = "<group>";
		};
/* End PBXGroup section */

/* Begin PBXNativeTarget section */
		6CB856A51C4D97CD005511E3 /* ImageDisplayer */ = {
			isa = PBXNativeTarget;
			buildConfigurationList = 6CB856CE1C4D97CE005511E3 /* Build configuration list for PBXNativeTarget "ImageDisplayer" */;
			buildPhases = (
				6CB856A21C4D97CD005511E3 /* Sources */,
				6CB856A31C4D97CD005511E3 /* Frameworks */,
				6CB856A41C4D97CD005511E3 /* Resources */,
			);
			buildRules = (
			);
			dependencies = (
			);
			name = ImageDisplayer;
			productName = ImageDisplayer;
			productReference = 6CB856A61C4D97CD005511E3 /* ImageDisplayer.app */;
			productType = "com.apple.product-type.application";
		};
		6CB856B91C4D97CE005511E3 /* ImageDisplayerTests */ = {
			isa = PBXNativeTarget;
			buildConfigurationList = 6CB856D11C4D97CE005511E3 /* Build configuration list for PBXNativeTarget "ImageDisplayerTests" */;
			buildPhases = (
				6CB856B61C4D97CE005511E3 /* Sources */,
				6CB856B71C4D97CE005511E3 /* Frameworks */,
				6CB856B81C4D97CE005511E3 /* Resources */,
			);
			buildRules = (
			);
			dependencies = (
				6CB856BC1C4D97CE005511E3 /* PBXTargetDependency */,
			);
			name = ImageDisplayerTests;
			productName = ImageDisplayerTests;
			productReference = 6CB856BA1C4D97CE005511E3 /* ImageDisplayerTests.xctest */;
			productType = "com.apple.product-type.bundle.unit-test";
		};
		6CB856C41C4D97CE005511E3 /* ImageDisplayerUITests */ = {
			isa = PBXNativeTarget;
			buildConfigurationList = 6CB856D41C4D97CE005511E3 /* Build configuration list for PBXNativeTarget "ImageDisplayerUITests" */;
			buildPhases = (
				6CB856C11C4D97CE005511E3 /* Sources */,
				6CB856C21C4D97CE005511E3 /* Frameworks */,
				6CB856C31C4D97CE005511E3 /* Resources */,
			);
			buildRules = (
			);
			dependencies = (
				6CB856C71C4D97CE005511E3 /* PBXTargetDependency */,
			);
			name = ImageDisplayerUITests;
			productName = ImageDisplayerUITests;
			productReference = 6CB856C51C4D97CE005511E3 /* ImageDisplayerUITests.xctest */;
			productType = "com.apple.product-type.bundle.ui-testing";
		};
/* End PBXNativeTarget section */

/* Begin PBXProject section */
		6CB8569E1C4D97CD005511E3 /* Project object */ = {
			isa = PBXProject;
			attributes = {
				LastSwiftUpdateCheck = 0720;
				LastUpgradeCheck = 0720;
				ORGANIZATIONNAME = "Jonathan Matusky";
				TargetAttributes = {
					6CB856A51C4D97CD005511E3 = {
						CreatedOnToolsVersion = 7.2;
					};
					6CB856B91C4D97CE005511E3 = {
						CreatedOnToolsVersion = 7.2;
						TestTargetID = 6CB856A51C4D97CD005511E3;
					};
					6CB856C41C4D97CE005511E3 = {
						CreatedOnToolsVersion = 7.2;
						TestTargetID = 6CB856A51C4D97CD005511E3;
					};
				};
			};
			buildConfigurationList = 6CB856A11C4D97CD005511E3 /* Build configuration list for PBXProject "ImageDisplayer" */;
			compatibilityVersion = "Xcode 3.2";
			developmentRegion = English;
			hasScannedForEncodings = 0;
			knownRegions = (
				en,
				Base,
			);
			mainGroup = 6CB8569D1C4D97CD005511E3;
			productRefGroup = 6CB856A71C4D97CD005511E3 /* Products */;
			projectDirPath = "";
			projectRoot = "";
			targets = (
				6CB856A51C4D97CD005511E3 /* ImageDisplayer */,
				6CB856B91C4D97CE005511E3 /* ImageDisplayerTests */,
				6CB856C41C4D97CE005511E3 /* ImageDisplayerUITests */,
			);
		};
/* End PBXProject section */

/* Begin PBXResourcesBuildPhase section */
		6CB856A41C4D97CD005511E3 /* Resources */ = {
			isa = PBXResourcesBuildPhase;
			buildActionMask = 2147483647;
			files = (
				6CB856B41C4D97CD005511E3 /* LaunchScreen.storyboard in Resources */,
				6CB856B11C4D97CD005511E3 /* Assets.xcassets in Resources */,
				6CB856AF1C4D97CD005511E3 /* Main.storyboard in Resources */,
			);
			runOnlyForDeploymentPostprocessing = 0;
		};
		6CB856B81C4D97CE005511E3 /* Resources */ = {
			isa = PBXResourcesBuildPhase;
			buildActionMask = 2147483647;
			files = (
			);
			runOnlyForDeploymentPostprocessing = 0;
		};
		6CB856C31C4D97CE005511E3 /* Resources */ = {
			isa = PBXResourcesBuildPhase;
			buildActionMask = 2147483647;
			files = (
			);
			runOnlyForDeploymentPostprocessing = 0;
		};
/* End PBXResourcesBuildPhase section */

/* Begin PBXSourcesBuildPhase section */
		6CB856A21C4D97CD005511E3 /* Sources */ = {
			isa = PBXSourcesBuildPhase;
			buildActionMask = 2147483647;
			files = (
				6CB856AC1C4D97CD005511E3 /* ViewController.swift in Sources */,
				6CB856AA1C4D97CD005511E3 /* AppDelegate.swift in Sources */,
			);
			runOnlyForDeploymentPostprocessing = 0;
		};
		6CB856B61C4D97CE005511E3 /* Sources */ = {
			isa = PBXSourcesBuildPhase;
			buildActionMask = 2147483647;
			files = (
				6CB856BF1C4D97CE005511E3 /* ImageDisplayerTests.swift in Sources */,
			);
			runOnlyForDeploymentPostprocessing = 0;
		};
		6CB856C11C4D97CE005511E3 /* Sources */ = {
			isa = PBXSourcesBuildPhase;
			buildActionMask = 2147483647;
			files = (
				6CB856CA1C4D97CE005511E3 /* ImageDisplayerUITests.swift in Sources */,
			);
			runOnlyForDeploymentPostprocessing = 0;
		};
/* End PBXSourcesBuildPhase section */

/* Begin PBXTargetDependency section */
		6CB856BC1C4D97CE005511E3 /* PBXTargetDependency */ = {
			isa = PBXTargetDependency;
			target = 6CB856A51C4D97CD005511E3 /* ImageDisplayer */;
			targetProxy = 6CB856BB1C4D97CE005511E3 /* PBXContainerItemProxy */;
		};
		6CB856C71C4D97CE005511E3 /* PBXTargetDependency */ = {
			isa = PBXTargetDependency;
			target = 6CB856A51C4D97CD005511E3 /* ImageDisplayer */;
			targetProxy = 6CB856C61C4D97CE005511E3 /* PBXContainerItemProxy */;
		};
/* End PBXTargetDependency section */

/* Begin PBXVariantGroup section */
		6CB856AD1C4D97CD005511E3 /* Main.storyboard */ = {
			isa = PBXVariantGroup;
			children = (
				6CB856AE1C4D97CD005511E3 /* Base */,
			);
			name = Main.storyboard;
			sourceTree = "<group>";
		};
		6CB856B21C4D97CD005511E3 /* LaunchScreen.storyboard */ = {
			isa = PBXVariantGroup;
			children = (
				6CB856B31C4D97CD005511E3 /* Base */,
			);
			name = LaunchScreen.storyboard;
			sourceTree = "<group>";
		};
/* End PBXVariantGroup section */

/* Begin XCBuildConfiguration section */
		6CB856CC1C4D97CE005511E3 /* Debug */ = {
			isa = XCBuildConfiguration;
			buildSettings = {
				ALWAYS_SEARCH_USER_PATHS = NO;
				CLANG_CXX_LANGUAGE_STANDARD = "gnu++0x";
				CLANG_CXX_LIBRARY = "libc++";
				CLANG_ENABLE_MODULES = YES;
				CLANG_ENABLE_OBJC_ARC = YES;
				CLANG_WARN_BOOL_CONVERSION = YES;
				CLANG_WARN_CONSTANT_CONVERSION = YES;
				CLANG_WARN_DIRECT_OBJC_ISA_USAGE = YES_ERROR;
				CLANG_WARN_EMPTY_BODY = YES;
				CLANG_WARN_ENUM_CONVERSION = YES;
				CLANG_WARN_INT_CONVERSION = YES;
				CLANG_WARN_OBJC_ROOT_CLASS = YES_ERROR;
				CLANG_WARN_UNREACHABLE_CODE = YES;
				CLANG_WARN__DUPLICATE_METHOD_MATCH = YES;
				"CODE_SIGN_IDENTITY[sdk=iphoneos*]" = "iPhone Developer";
				COPY_PHASE_STRIP = NO;
				DEBUG_INFORMATION_FORMAT = dwarf;
				ENABLE_STRICT_OBJC_MSGSEND = YES;
				ENABLE_TESTABILITY = YES;
				GCC_C_LANGUAGE_STANDARD = gnu99;
				GCC_DYNAMIC_NO_PIC = NO;
				GCC_NO_COMMON_BLOCKS = YES;
				GCC_OPTIMIZATION_LEVEL = 0;
				GCC_PREPROCESSOR_DEFINITIONS = (
					"DEBUG=1",
					"$(inherited)",
				);
				GCC_WARN_64_TO_32_BIT_CONVERSION = YES;
				GCC_WARN_ABOUT_RETURN_TYPE = YES_ERROR;
				GCC_WARN_UNDECLARED_SELECTOR = YES;
				GCC_WARN_UNINITIALIZED_AUTOS = YES_AGGRESSIVE;
				GCC_WARN_UNUSED_FUNCTION = YES;
				GCC_WARN_UNUSED_VARIABLE = YES;
				IPHONEOS_DEPLOYMENT_TARGET = 9.2;
				MTL_ENABLE_DEBUG_INFO = YES;
				ONLY_ACTIVE_ARCH = YES;
				SDKROOT = iphoneos;
				SWIFT_OPTIMIZATION_LEVEL = "-Onone";
			};
			name = Debug;
		};
		6CB856CD1C4D97CE005511E3 /* Release */ = {
			isa = XCBuildConfiguration;
			buildSettings = {
				ALWAYS_SEARCH_USER_PATHS = NO;
				CLANG_CXX_LANGUAGE_STANDARD = "gnu++0x";
				CLANG_CXX_LIBRARY = "libc++";
				CLANG_ENABLE_MODULES = YES;
				CLANG_ENABLE_OBJC_ARC = YES;
				CLANG_WARN_BOOL_CONVERSION = YES;
				CLANG_WARN_CONSTANT_CONVERSION = YES;
				CLANG_WARN_DIRECT_OBJC_ISA_USAGE = YES_ERROR;
				CLANG_WARN_EMPTY_BODY = YES;
				CLANG_WARN_ENUM_CONVERSION = YES;
				CLANG_WARN_INT_CONVERSION = YES;
				CLANG_WARN_OBJC_ROOT_CLASS = YES_ERROR;
				CLANG_WARN_UNREACHABLE_CODE = YES;
				CLANG_WARN__DUPLICATE_METHOD_MATCH = YES;
				"CODE_SIGN_IDENTITY[sdk=iphoneos*]" = "iPhone Developer";
				COPY_PHASE_STRIP = NO;
				DEBUG_INFORMATION_FORMAT = "dwarf-with-dsym";
				ENABLE_NS_ASSERTIONS = NO;
				ENABLE_STRICT_OBJC_MSGSEND = YES;
				GCC_C_LANGUAGE_STANDARD = gnu99;
				GCC_NO_COMMON_BLOCKS = YES;
				GCC_WARN_64_TO_32_BIT_CONVERSION = YES;
				GCC_WARN_ABOUT_RETURN_TYPE = YES_ERROR;
				GCC_WARN_UNDECLARED_SELECTOR = YES;
				GCC_WARN_UNINITIALIZED_AUTOS = YES_AGGRESSIVE;
				GCC_WARN_UNUSED_FUNCTION = YES;
				GCC_WARN_UNUSED_VARIABLE = YES;
				IPHONEOS_DEPLOYMENT_TARGET = 9.2;
				MTL_ENABLE_DEBUG_INFO = NO;
				SDKROOT = iphoneos;
				VALIDATE_PRODUCT = YES;
			};
			name = Release;
		};
		6CB856CF1C4D97CE005511E3 /* Debug */ = {
			isa = XCBuildConfiguration;
			buildSettings = {
				ASSETCATALOG_COMPILER_APPICON_NAME = AppIcon;
				INFOPLIST_FILE = ImageDisplayer/Info.plist;
				LD_RUNPATH_SEARCH_PATHS = "$(inherited) @executable_path/Frameworks";
				PRODUCT_BUNDLE_IDENTIFIER = org.matusky.ImageDisplayer;
				PRODUCT_NAME = "$(TARGET_NAME)";
			};
			name = Debug;
		};
		6CB856D01C4D97CE005511E3 /* Release */ = {
			isa = XCBuildConfiguration;
			buildSettings = {
				ASSETCATALOG_COMPILER_APPICON_NAME = AppIcon;
				INFOPLIST_FILE = ImageDisplayer/Info.plist;
				LD_RUNPATH_SEARCH_PATHS = "$(inherited) @executable_path/Frameworks";
				PRODUCT_BUNDLE_IDENTIFIER = org.matusky.ImageDisplayer;
				PRODUCT_NAME = "$(TARGET_NAME)";
			};
			name = Release;
		};
		6CB856D21C4D97CE005511E3 /* Debug */ = {
			isa = XCBuildConfiguration;
			buildSettings = {
				BUNDLE_LOADER = "$(TEST_HOST)";
				INFOPLIST_FILE = ImageDisplayerTests/Info.plist;
				LD_RUNPATH_SEARCH_PATHS = "$(inherited) @executable_path/Frameworks @loader_path/Frameworks";
				PRODUCT_BUNDLE_IDENTIFIER = org.matusky.ImageDisplayerTests;
				PRODUCT_NAME = "$(TARGET_NAME)";
				TEST_HOST = "$(BUILT_PRODUCTS_DIR)/ImageDisplayer.app/ImageDisplayer";
			};
			name = Debug;
		};
		6CB856D31C4D97CE005511E3 /* Release */ = {
			isa = XCBuildConfiguration;
			buildSettings = {
				BUNDLE_LOADER = "$(TEST_HOST)";
				INFOPLIST_FILE = ImageDisplayerTests/Info.plist;
				LD_RUNPATH_SEARCH_PATHS = "$(inherited) @executable_path/Frameworks @loader_path/Frameworks";
				PRODUCT_BUNDLE_IDENTIFIER = org.matusky.ImageDisplayerTests;
				PRODUCT_NAME = "$(TARGET_NAME)";
				TEST_HOST = "$(BUILT_PRODUCTS_DIR)/ImageDisplayer.app/ImageDisplayer";
			};
			name = Release;
		};
		6CB856D51C4D97CE005511E3 /* Debug */ = {
			isa = XCBuildConfiguration;
			buildSettings = {
				INFOPLIST_FILE = ImageDisplayerUITests/Info.plist;
				LD_RUNPATH_SEARCH_PATHS = "$(inherited) @executable_path/Frameworks @loader_path/Frameworks";
				PRODUCT_BUNDLE_IDENTIFIER = org.matusky.ImageDisplayerUITests;
				PRODUCT_NAME = "$(TARGET_NAME)";
				TEST_TARGET_NAME = ImageDisplayer;
				USES_XCTRUNNER = YES;
			};
			name = Debug;
		};
		6CB856D61C4D97CE005511E3 /* Release */ = {
			isa = XCBuildConfiguration;
			buildSettings = {
				INFOPLIST_FILE = ImageDisplayerUITests/Info.plist;
				LD_RUNPATH_SEARCH_PATHS = "$(inherited) @executable_path/Frameworks @loader_path/Frameworks";
				PRODUCT_BUNDLE_IDENTIFIER = org.matusky.ImageDisplayerUITests;
				PRODUCT_NAME = "$(TARGET_NAME)";
				TEST_TARGET_NAME = ImageDisplayer;
				USES_XCTRUNNER = YES;
			};
			name = Release;
		};
/* End XCBuildConfiguration section */

/* Begin XCConfigurationList section */
		6CB856A11C4D97CD005511E3 /* Build configuration list for PBXProject "ImageDisplayer" */ = {
			isa = XCConfigurationList;
			buildConfigurations = (
				6CB856CC1C4D97CE005511E3 /* Debug */,
				6CB856CD1C4D97CE005511E3 /* Release */,
			);
			defaultConfigurationIsVisible = 0;
			defaultConfigurationName = Release;
		};
		6CB856CE1C4D97CE005511E3 /* Build configuration list for PBXNativeTarget "ImageDisplayer" */ = {
			isa = XCConfigurationList;
			buildConfigurations = (
				6CB856CF1C4D97CE005511E3 /* Debug */,
				6CB856D01C4D97CE005511E3 /* Release */,
			);
			defaultConfigurationIsVisible = 0;
		};
		6CB856D11C4D97CE005511E3 /* Build configuration list for PBXNativeTarget "ImageDisplayerTests" */ = {
			isa = XCConfigurationList;
			buildConfigurations = (
				6CB856D21C4D97CE005511E3 /* Debug */,
				6CB856D31C4D97CE005511E3 /* Release */,
			);
			defaultConfigurationIsVisible = 0;
		};
		6CB856D41C4D97CE005511E3 /* Build configuration list for PBXNativeTarget "ImageDisplayerUITests" */ = {
			isa = XCConfigurationList;
			buildConfigurations = (
				6CB856D51C4D97CE005511E3 /* Debug */,
				6CB856D61C4D97CE005511E3 /* Release */,
			);
			defaultConfigurationIsVisible = 0;
		};
/* End XCConfigurationList section */
	};
	rootObject = 6CB8569E1C4D97CD005511E3 /* Project object */;
}
